# This file is generated by running "yarn install" inside your project.
# Manual changes might be lost - proceed with caution!

__metadata:
  version: 6
  cacheKey: 8

"Bundled@workspace:.":
  version: 0.0.0-use.local
  resolution: "Bundled@workspace:."
  dependencies:
    vapulus-hashing-pkg: 1.0.3
  languageName: unknown
  linkType: soft

"vapulus-hashing-pkg@npm:1.0.3":
  version: 1.0.3
  resolution: "vapulus-hashing-pkg@npm:1.0.3"
  checksum: 31de88fd3d979d8a7ce9646d38f5625d250deb109c83fad5c062faf727cb986acc86414a1718770054013a2d15744dc8068c0e8f24c38207f0956acc9817c20f
  languageName: node
  linkType: hard
